
Microsoft Visual Studio Solution File, Format Version 12.00
# Visual Studio Version 17
VisualStudioVersion = 17.4.33110.190
MinimumVisualStudioVersion = 10.0.40219.1
Project("{9092AA53-FB77-4645-B42D-1CCCA6BD08BD}") = "Stinky2D-lib", "Stinky2D-lib.njsproj", "{F7013BE0-43E3-46AE-B58E-B17E9F1E771C}"
EndProject
Global
	GlobalSection(SolutionConfigurationPlatforms) = preSolution
		Debug|Any CPU = Debug|Any CPU
		Release|Any CPU = Release|Any CPU
	EndGlobalSection
	GlobalSection(ProjectConfigurationPlatforms) = postSolution
		{F7013BE0-43E3-46AE-B58E-B17E9F1E771C}.Debug|Any CPU.ActiveCfg = Debug|Any CPU
		{F7013BE0-43E3-46AE-B58E-B17E9F1E771C}.Debug|Any CPU.Build.0 = Debug|Any CPU
		{F7013BE0-43E3-46AE-B58E-B17E9F1E771C}.Release|Any CPU.ActiveCfg = Release|Any CPU
		{F7013BE0-43E3-46AE-B58E-B17E9F1E771C}.Release|Any CPU.Build.0 = Release|Any CPU
	EndGlobalSection
	GlobalSection(SolutionProperties) = preSolution
		HideSolutionNode = FALSE
	EndGlobalSection
	GlobalSection(ExtensibilityGlobals) = postSolution
		SolutionGuid = {AD778AC3-4C01-4E97-A1CF-C385703BF8EE}
	EndGlobalSection
EndGlobal
